PODS:
  - FBSnapshotTestCase (2.1.4):
    - FBSnapshotTestCase/SwiftSupport (= 2.1.4)
  - FBSnapshotTestCase/Core (2.1.4)
  - FBSnapshotTestCase/SwiftSupport (2.1.4):
    - FBSnapshotTestCase/Core
  - UKThreadSafeObjc (0.1.0)

DEPENDENCIES:
  - FBSnapshotTestCase
  - UKThreadSafeObjc (from `../`)

SPEC REPOS:
  trunk:
    - FBSnapshotTestCase

EXTERNAL SOURCES:
  UKThreadSafeObjc:
    :path: "../"

SPEC CHECKSUMS:
  FBSnapshotTestCase: 094f9f314decbabe373b87cc339bea235a63e07a
  UKThreadSafeObjc: cb7f7cb851a9a8f5bbd59f066f169e7984ce60d9

PODFILE CHECKSUM: 45f137e5ab69e703bfd67e610bc2436aa7e70df7

COCOAPODS: 1.14.3
